
Microsoft Visual Studio Solution File, Format Version 12.00
# Visual Studio Version 17
VisualStudioVersion = 17.5.002.0
MinimumVisualStudioVersion = 10.0.40219.1
Project("{9A19103F-16F7-4668-BE54-9A1E7A4F7556}") = "AtividadeLocalizacao", "AtividadeLocalizacao.csproj", "{2E847572-1F8F-4425-A442-927B22F9C0EF}"
EndProject
Global
	GlobalSection(SolutionConfigurationPlatforms) = preSolution
		Debug|Any CPU = Debug|Any CPU
		Release|Any CPU = Release|Any CPU
	EndGlobalSection
	GlobalSection(ProjectConfigurationPlatforms) = postSolution
		{2E847572-1F8F-4425-A442-927B22F9C0EF}.Debug|Any CPU.ActiveCfg = Debug|Any CPU
		{2E847572-1F8F-4425-A442-927B22F9C0EF}.Debug|Any CPU.Build.0 = Debug|Any CPU
		{2E847572-1F8F-4425-A442-927B22F9C0EF}.Release|Any CPU.ActiveCfg = Release|Any CPU
		{2E847572-1F8F-4425-A442-927B22F9C0EF}.Release|Any CPU.Build.0 = Release|Any CPU
	EndGlobalSection
	GlobalSection(SolutionProperties) = preSolution
		HideSolutionNode = FALSE
	EndGlobalSection
	GlobalSection(ExtensibilityGlobals) = postSolution
		SolutionGuid = {C8984C23-77B5-43DC-8A4B-2578173838CF}
	EndGlobalSection
EndGlobal
