
Microsoft Visual Studio Solution File, Format Version 12.00
# Visual Studio Version 17
VisualStudioVersion = 17.5.002.0
MinimumVisualStudioVersion = 10.0.40219.1
Project("{9A19103F-16F7-4668-BE54-9A1E7A4F7556}") = "MultiDimensionalArray", "MultiDimensionalArray.csproj", "{4834D2E3-BC4D-405A-9EA8-5078F763C6AD}"
EndProject
Global
	GlobalSection(SolutionConfigurationPlatforms) = preSolution
		Debug|Any CPU = Debug|Any CPU
		Release|Any CPU = Release|Any CPU
	EndGlobalSection
	GlobalSection(ProjectConfigurationPlatforms) = postSolution
		{4834D2E3-BC4D-405A-9EA8-5078F763C6AD}.Debug|Any CPU.ActiveCfg = Debug|Any CPU
		{4834D2E3-BC4D-405A-9EA8-5078F763C6AD}.Debug|Any CPU.Build.0 = Debug|Any CPU
		{4834D2E3-BC4D-405A-9EA8-5078F763C6AD}.Release|Any CPU.ActiveCfg = Release|Any CPU
		{4834D2E3-BC4D-405A-9EA8-5078F763C6AD}.Release|Any CPU.Build.0 = Release|Any CPU
	EndGlobalSection
	GlobalSection(SolutionProperties) = preSolution
		HideSolutionNode = FALSE
	EndGlobalSection
	GlobalSection(ExtensibilityGlobals) = postSolution
		SolutionGuid = {BB44BFC4-9A65-43DE-9511-DCC66984727E}
	EndGlobalSection
EndGlobal
