
Microsoft Visual Studio Solution File, Format Version 12.00
# Visual Studio Version 17
VisualStudioVersion = 17.5.002.0
MinimumVisualStudioVersion = 10.0.40219.1
Project("{9A19103F-16F7-4668-BE54-9A1E7A4F7556}") = "InsertionSort", "InsertionSort.csproj", "{A6580893-F65E-4E14-BF59-A904B95841F1}"
EndProject
Global
	GlobalSection(SolutionConfigurationPlatforms) = preSolution
		Debug|Any CPU = Debug|Any CPU
		Release|Any CPU = Release|Any CPU
	EndGlobalSection
	GlobalSection(ProjectConfigurationPlatforms) = postSolution
		{A6580893-F65E-4E14-BF59-A904B95841F1}.Debug|Any CPU.ActiveCfg = Debug|Any CPU
		{A6580893-F65E-4E14-BF59-A904B95841F1}.Debug|Any CPU.Build.0 = Debug|Any CPU
		{A6580893-F65E-4E14-BF59-A904B95841F1}.Release|Any CPU.ActiveCfg = Release|Any CPU
		{A6580893-F65E-4E14-BF59-A904B95841F1}.Release|Any CPU.Build.0 = Release|Any CPU
	EndGlobalSection
	GlobalSection(SolutionProperties) = preSolution
		HideSolutionNode = FALSE
	EndGlobalSection
	GlobalSection(ExtensibilityGlobals) = postSolution
		SolutionGuid = {2394092B-42B5-4CBD-AF64-DE921CABCC05}
	EndGlobalSection
EndGlobal
