
Microsoft Visual Studio Solution File, Format Version 12.00
# Visual Studio Version 17
VisualStudioVersion = 17.5.002.0
MinimumVisualStudioVersion = 10.0.40219.1
Project("{9A19103F-16F7-4668-BE54-9A1E7A4F7556}") = "AtividadeLivros", "AtividadeLivros.csproj", "{23339603-7DEB-4422-A62F-3BC029C59C4F}"
EndProject
Global
	GlobalSection(SolutionConfigurationPlatforms) = preSolution
		Debug|Any CPU = Debug|Any CPU
		Release|Any CPU = Release|Any CPU
	EndGlobalSection
	GlobalSection(ProjectConfigurationPlatforms) = postSolution
		{23339603-7DEB-4422-A62F-3BC029C59C4F}.Debug|Any CPU.ActiveCfg = Debug|Any CPU
		{23339603-7DEB-4422-A62F-3BC029C59C4F}.Debug|Any CPU.Build.0 = Debug|Any CPU
		{23339603-7DEB-4422-A62F-3BC029C59C4F}.Release|Any CPU.ActiveCfg = Release|Any CPU
		{23339603-7DEB-4422-A62F-3BC029C59C4F}.Release|Any CPU.Build.0 = Release|Any CPU
	EndGlobalSection
	GlobalSection(SolutionProperties) = preSolution
		HideSolutionNode = FALSE
	EndGlobalSection
	GlobalSection(ExtensibilityGlobals) = postSolution
		SolutionGuid = {E0FF653C-5498-4043-8875-929ABF01B796}
	EndGlobalSection
EndGlobal
