
Microsoft Visual Studio Solution File, Format Version 12.00
# Visual Studio Version 17
VisualStudioVersion = 17.5.002.0
MinimumVisualStudioVersion = 10.0.40219.1
Project("{9A19103F-16F7-4668-BE54-9A1E7A4F7556}") = "CompanyStructure", "CompanyStructure.csproj", "{53264615-7C7F-46A1-9C54-5B34F6147511}"
EndProject
Global
	GlobalSection(SolutionConfigurationPlatforms) = preSolution
		Debug|Any CPU = Debug|Any CPU
		Release|Any CPU = Release|Any CPU
	EndGlobalSection
	GlobalSection(ProjectConfigurationPlatforms) = postSolution
		{53264615-7C7F-46A1-9C54-5B34F6147511}.Debug|Any CPU.ActiveCfg = Debug|Any CPU
		{53264615-7C7F-46A1-9C54-5B34F6147511}.Debug|Any CPU.Build.0 = Debug|Any CPU
		{53264615-7C7F-46A1-9C54-5B34F6147511}.Release|Any CPU.ActiveCfg = Release|Any CPU
		{53264615-7C7F-46A1-9C54-5B34F6147511}.Release|Any CPU.Build.0 = Release|Any CPU
	EndGlobalSection
	GlobalSection(SolutionProperties) = preSolution
		HideSolutionNode = FALSE
	EndGlobalSection
	GlobalSection(ExtensibilityGlobals) = postSolution
		SolutionGuid = {6E76990B-9534-48ED-B82A-E18BB8C974BE}
	EndGlobalSection
EndGlobal
