
Microsoft Visual Studio Solution File, Format Version 12.00
# Visual Studio Version 17
VisualStudioVersion = 17.5.002.0
MinimumVisualStudioVersion = 10.0.40219.1
Project("{9A19103F-16F7-4668-BE54-9A1E7A4F7556}") = "ArvoraBinaria", "ArvoraBinaria.csproj", "{723C7143-5836-42BC-8872-7AEFDAC87579}"
EndProject
Global
	GlobalSection(SolutionConfigurationPlatforms) = preSolution
		Debug|Any CPU = Debug|Any CPU
		Release|Any CPU = Release|Any CPU
	EndGlobalSection
	GlobalSection(ProjectConfigurationPlatforms) = postSolution
		{723C7143-5836-42BC-8872-7AEFDAC87579}.Debug|Any CPU.ActiveCfg = Debug|Any CPU
		{723C7143-5836-42BC-8872-7AEFDAC87579}.Debug|Any CPU.Build.0 = Debug|Any CPU
		{723C7143-5836-42BC-8872-7AEFDAC87579}.Release|Any CPU.ActiveCfg = Release|Any CPU
		{723C7143-5836-42BC-8872-7AEFDAC87579}.Release|Any CPU.Build.0 = Release|Any CPU
	EndGlobalSection
	GlobalSection(SolutionProperties) = preSolution
		HideSolutionNode = FALSE
	EndGlobalSection
	GlobalSection(ExtensibilityGlobals) = postSolution
		SolutionGuid = {B7ADBB39-A012-46AD-BC93-A94D868668FD}
	EndGlobalSection
EndGlobal
